
Microsoft Visual Studio Solution File, Format Version 12.00
# Visual Studio Version 17
VisualStudioVersion = 17.4.33122.133
MinimumVisualStudioVersion = 10.0.40219.1
Project("{9A19103F-16F7-4668-BE54-9A1E7A4F7556}") = "UniversityApiBackend", "UniversityApiBackend\UniversityApiBackend.csproj", "{B27829AB-5D4A-4F77-8F34-DB3ABB1F1D48}"
EndProject
Project("{FAE04EC0-301F-11D3-BF4B-00C04F79EFBC}") = "UniversityApiBackendoReplica", "UniversityApiBackendoReplica\UniversityApiBackendoReplica.csproj", "{F1B2C6F9-E05C-4E23-9A2F-3A130FE41C6A}"
EndProject
Global
	GlobalSection(SolutionConfigurationPlatforms) = preSolution
		Debug|Any CPU = Debug|Any CPU
		Release|Any CPU = Release|Any CPU
	EndGlobalSection
	GlobalSection(ProjectConfigurationPlatforms) = postSolution
		{B27829AB-5D4A-4F77-8F34-DB3ABB1F1D48}.Debug|Any CPU.ActiveCfg = Debug|Any CPU
		{B27829AB-5D4A-4F77-8F34-DB3ABB1F1D48}.Debug|Any CPU.Build.0 = Debug|Any CPU
		{B27829AB-5D4A-4F77-8F34-DB3ABB1F1D48}.Release|Any CPU.ActiveCfg = Release|Any CPU
		{B27829AB-5D4A-4F77-8F34-DB3ABB1F1D48}.Release|Any CPU.Build.0 = Release|Any CPU
		{F1B2C6F9-E05C-4E23-9A2F-3A130FE41C6A}.Debug|Any CPU.ActiveCfg = Debug|Any CPU
		{F1B2C6F9-E05C-4E23-9A2F-3A130FE41C6A}.Debug|Any CPU.Build.0 = Debug|Any CPU
		{F1B2C6F9-E05C-4E23-9A2F-3A130FE41C6A}.Release|Any CPU.ActiveCfg = Release|Any CPU
		{F1B2C6F9-E05C-4E23-9A2F-3A130FE41C6A}.Release|Any CPU.Build.0 = Release|Any CPU
	EndGlobalSection
	GlobalSection(SolutionProperties) = preSolution
		HideSolutionNode = FALSE
	EndGlobalSection
	GlobalSection(ExtensibilityGlobals) = postSolution
		SolutionGuid = {3B51F523-2061-4AF7-85B2-90FD11B9AB43}
	EndGlobalSection
EndGlobal
